<?xml version="1.0" encoding="utf-8"?>
<Project ToolsVersion="4.0" xmlns="http://schemas.microsoft.com/developer/msbuild/2003">
  <ItemGroup>
    <Filter Include="Source Files">
      <UniqueIdentifier>{4FC737F1-C7A5-4376-A066-2A32D752A2FF}</UniqueIdentifier>
      <Extensions>cpp;c;cc;cxx;def;odl;idl;hpj;bat;asm;asmx</Extensions>
    </Filter>
    <Filter Include="Header Files">
      <UniqueIdentifier>{93995380-89BD-4b04-88EB-625FBE52EBFB}</UniqueIdentifier>
      <Extensions>h;hh;hpp;hxx;hm;inl;inc;ipp;xsd</Extensions>
    </Filter>
    <Filter Include="Resource Files">
      <UniqueIdentifier>{67DA6AB6-F800-4c08-8B7A-83BB121AAD01}</UniqueIdentifier>
      <Extensions>rc;ico;cur;bmp;dlg;rc2;rct;bin;rgs;gif;jpg;jpeg;jpe;resx;tiff;tif;png;wav;mfcribbon-ms</Extensions>
    </Filter>
  </ItemGroup>
  <ItemGroup>
    <ClCompile Include="getopt.c">
      <Filter>Source Files</Filter>
    </ClCompile>
    <ClCompile Include="getopt1.c">
      <Filter>Source Files</Filter>
    </ClCompile>
    <ClCompile Include="jbig2.c">
      <Filter>Source Files</Filter>
    </ClCompile>
    <ClCompile Include="jbig2_arith.c">
      <Filter>Source Files</Filter>
    </ClCompile>
    <ClCompile Include="jbig2_arith_iaid.c">
      <Filter>Source Files</Filter>
    </ClCompile>
    <ClCompile Include="jbig2_arith_int.c">
      <Filter>Source Files</Filter>
    </ClCompile>
    <ClCompile Include="jbig2_generic.c">
      <Filter>Source Files</Filter>
    </ClCompile>
    <ClCompile Include="jbig2_halftone.c">
      <Filter>Source Files</Filter>
    </ClCompile>
    <ClCompile Include="jbig2_huffman.c">
      <Filter>Source Files</Filter>
    </ClCompile>
    <ClCompile Include="jbig2_image.c">
      <Filter>Source Files</Filter>
    </ClCompile>
    <ClCompile Include="jbig2_image_pbm.c">
      <Filter>Source Files</Filter>
    </ClCompile>
    <ClCompile Include="jbig2_image_png.c">
      <Filter>Source Files</Filter>
    </ClCompile>
    <ClCompile Include="jbig2_metadata.c">
      <Filter>Source Files</Filter>
    </ClCompile>
    <ClCompile Include="jbig2_mmr.c">
      <Filter>Source Files</Filter>
    </ClCompile>
    <ClCompile Include="jbig2_page.c">
      <Filter>Source Files</Filter>
    </ClCompile>
    <ClCompile Include="jbig2_refinement.c">
      <Filter>Source Files</Filter>
    </ClCompile>
    <ClCompile Include="jbig2_segment.c">
      <Filter>Source Files</Filter>
    </ClCompile>
    <ClCompile Include="jbig2_symbol_dict.c">
      <Filter>Source Files</Filter>
    </ClCompile>
    <ClCompile Include="jbig2_text.c">
      <Filter>Source Files</Filter>
    </ClCompile>
    <ClCompile Include="jbig2dec.c">
      <Filter>Source Files</Filter>
    </ClCompile>
    <ClCompile Include="sha1.c">
      <Filter>Source Files</Filter>
    </ClCompile>
  </ItemGroup>
  <ItemGroup>
    <ClInclude Include="config_win32.h">
      <Filter>Header Files</Filter>
    </ClInclude>
    <ClInclude Include="getopt.h">
      <Filter>Header Files</Filter>
    </ClInclude>
    <ClInclude Include="jbig2.h">
      <Filter>Header Files</Filter>
    </ClInclude>
    <ClInclude Include="jbig2_arith.h">
      <Filter>Header Files</Filter>
    </ClInclude>
    <ClInclude Include="jbig2_arith_iaid.h">
      <Filter>Header Files</Filter>
    </ClInclude>
    <ClInclude Include="jbig2_arith_int.h">
      <Filter>Header Files</Filter>
    </ClInclude>
    <ClInclude Include="jbig2_generic.h">
      <Filter>Header Files</Filter>
    </ClInclude>
    <ClInclude Include="jbig2_huffman.h">
      <Filter>Header Files</Filter>
    </ClInclude>
    <ClInclude Include="jbig2_hufftab.h">
      <Filter>Header Files</Filter>
    </ClInclude>
    <ClInclude Include="jbig2_image.h">
      <Filter>Header Files</Filter>
    </ClInclude>
    <ClInclude Include="jbig2_metadata.h">
      <Filter>Header Files</Filter>
    </ClInclude>
    <ClInclude Include="jbig2_mmr.h">
      <Filter>Header Files</Filter>
    </ClInclude>
    <ClInclude Include="jbig2_priv.h">
      <Filter>Header Files</Filter>
    </ClInclude>
    <ClInclude Include="jbig2_symbol_dict.h">
      <Filter>Header Files</Filter>
    </ClInclude>
    <ClInclude Include="jbig2_text.h">
      <Filter>Header Files</Filter>
    </ClInclude>
    <ClInclude Include="os_types.h">
      <Filter>Header Files</Filter>
    </ClInclude>
    <ClInclude Include="sha1.h">
      <Filter>Header Files</Filter>
    </ClInclude>
  </ItemGroup>
</Project>